
Microsoft Visual Studio Solution File, Format Version 12.00
# Visual Studio Version 17
VisualStudioVersion = 17.5.33516.290
MinimumVisualStudioVersion = 10.0.40219.1
Project("{9A19103F-16F7-4668-BE54-9A1E7A4F7556}") = "Microsoft.Build.CppTasks.Common", "Microsoft.Build.CppTasks.Common\Microsoft.Build.CppTasks.Common.csproj", "{DE6F93AA-4289-46FC-BBA2-98ED16BD1AF2}"
EndProject
Project("{9A19103F-16F7-4668-BE54-9A1E7A4F7556}") = "YY.Build.Linux.Tasks", "YY.Build.Linux.Tasks\YY.Build.Linux.Tasks.csproj", "{099B1749-31F9-45D9-9F63-7B5661CC0F1B}"
EndProject
Global
	GlobalSection(SolutionConfigurationPlatforms) = preSolution
		Debug|Any CPU = Debug|Any CPU
		Release|Any CPU = Release|Any CPU
	EndGlobalSection
	GlobalSection(ProjectConfigurationPlatforms) = postSolution
		{DE6F93AA-4289-46FC-BBA2-98ED16BD1AF2}.Debug|Any CPU.ActiveCfg = Debug|Any CPU
		{DE6F93AA-4289-46FC-BBA2-98ED16BD1AF2}.Debug|Any CPU.Build.0 = Debug|Any CPU
		{DE6F93AA-4289-46FC-BBA2-98ED16BD1AF2}.Release|Any CPU.ActiveCfg = Release|Any CPU
		{DE6F93AA-4289-46FC-BBA2-98ED16BD1AF2}.Release|Any CPU.Build.0 = Release|Any CPU
		{099B1749-31F9-45D9-9F63-7B5661CC0F1B}.Debug|Any CPU.ActiveCfg = Debug|Any CPU
		{099B1749-31F9-45D9-9F63-7B5661CC0F1B}.Debug|Any CPU.Build.0 = Debug|Any CPU
		{099B1749-31F9-45D9-9F63-7B5661CC0F1B}.Release|Any CPU.ActiveCfg = Release|Any CPU
		{099B1749-31F9-45D9-9F63-7B5661CC0F1B}.Release|Any CPU.Build.0 = Release|Any CPU
	EndGlobalSection
	GlobalSection(SolutionProperties) = preSolution
		HideSolutionNode = FALSE
	EndGlobalSection
	GlobalSection(ExtensibilityGlobals) = postSolution
		SolutionGuid = {C1862E59-07CA-42CE-89EE-4F2BBBB21670}
	EndGlobalSection
EndGlobal
